
Microsoft Visual Studio Solution File, Format Version 12.00
# Visual Studio Version 17
VisualStudioVersion = 17.14.36301.6
MinimumVisualStudioVersion = 10.0.40219.1
Project("{FAE04EC0-301F-11D3-BF4B-00C04F79EFBC}") = "TestDevSkiller", "TestDevSkiller\TestDevSkiller.csproj", "{F763F4EF-1BCA-4721-BD76-74DB8958A5C3}"
EndProject
Project("{FAE04EC0-301F-11D3-BF4B-00C04F79EFBC}") = "TestProject1", "TestProject1\TestProject1.csproj", "{F7CDB301-6098-43F3-A264-F7FD2EAAF0A8}"
EndProject
Global
	GlobalSection(SolutionConfigurationPlatforms) = preSolution
		Debug|Any CPU = Debug|Any CPU
		Release|Any CPU = Release|Any CPU
	EndGlobalSection
	GlobalSection(ProjectConfigurationPlatforms) = postSolution
		{F763F4EF-1BCA-4721-BD76-74DB8958A5C3}.Debug|Any CPU.ActiveCfg = Debug|Any CPU
		{F763F4EF-1BCA-4721-BD76-74DB8958A5C3}.Debug|Any CPU.Build.0 = Debug|Any CPU
		{F763F4EF-1BCA-4721-BD76-74DB8958A5C3}.Release|Any CPU.ActiveCfg = Release|Any CPU
		{F763F4EF-1BCA-4721-BD76-74DB8958A5C3}.Release|Any CPU.Build.0 = Release|Any CPU
		{F7CDB301-6098-43F3-A264-F7FD2EAAF0A8}.Debug|Any CPU.ActiveCfg = Debug|Any CPU
		{F7CDB301-6098-43F3-A264-F7FD2EAAF0A8}.Debug|Any CPU.Build.0 = Debug|Any CPU
		{F7CDB301-6098-43F3-A264-F7FD2EAAF0A8}.Release|Any CPU.ActiveCfg = Release|Any CPU
		{F7CDB301-6098-43F3-A264-F7FD2EAAF0A8}.Release|Any CPU.Build.0 = Release|Any CPU
	EndGlobalSection
	GlobalSection(SolutionProperties) = preSolution
		HideSolutionNode = FALSE
	EndGlobalSection
	GlobalSection(ExtensibilityGlobals) = postSolution
		SolutionGuid = {82ED53EA-BA1C-4B8B-9B7B-E723B7655AAF}
	EndGlobalSection
EndGlobal
